
Microsoft Visual Studio Solution File, Format Version 12.00
# Visual Studio Version 17
VisualStudioVersion = 17.14.36429.23 d17.14
MinimumVisualStudioVersion = 10.0.40219.1
Project("{FAE04EC0-301F-11D3-BF4B-00C04F79EFBC}") = "akg1", "akg1\akg1.csproj", "{DAF00B85-C196-4EC8-AA43-126CA5F01A58}"
EndProject
Global
	GlobalSection(SolutionConfigurationPlatforms) = preSolution
		Debug|Any CPU = Debug|Any CPU
		Release|Any CPU = Release|Any CPU
	EndGlobalSection
	GlobalSection(ProjectConfigurationPlatforms) = postSolution
		{DAF00B85-C196-4EC8-AA43-126CA5F01A58}.Debug|Any CPU.ActiveCfg = Debug|Any CPU
		{DAF00B85-C196-4EC8-AA43-126CA5F01A58}.Debug|Any CPU.Build.0 = Debug|Any CPU
		{DAF00B85-C196-4EC8-AA43-126CA5F01A58}.Release|Any CPU.ActiveCfg = Release|Any CPU
		{DAF00B85-C196-4EC8-AA43-126CA5F01A58}.Release|Any CPU.Build.0 = Release|Any CPU
	EndGlobalSection
	GlobalSection(SolutionProperties) = preSolution
		HideSolutionNode = FALSE
	EndGlobalSection
	GlobalSection(ExtensibilityGlobals) = postSolution
		SolutionGuid = {BECF2690-E52A-4D4C-B622-AE86C37F7024}
	EndGlobalSection
EndGlobal
